
Microsoft Visual Studio Solution File, Format Version 12.00
# Visual Studio Version 17
VisualStudioVersion = 17.7.34018.315
MinimumVisualStudioVersion = 10.0.40219.1
Project("{FAE04EC0-301F-11D3-BF4B-00C04F79EFBC}") = "LibrarySystemBusLogic", "LibrarySystem\LibrarySystemBusLogic.csproj", "{69D770C9-3BBC-42B7-B149-2AA5B58F5D89}"
EndProject
Project("{FAE04EC0-301F-11D3-BF4B-00C04F79EFBC}") = "ILibrarySystem", "ILibrarySystem\ILibrarySystem.csproj", "{4063C8A9-627C-44AC-A93D-931EA1AB4612}"
EndProject
Project("{FAE04EC0-301F-11D3-BF4B-00C04F79EFBC}") = "LibrarySystemModel", "LibrarySystemModel\LibrarySystemModel.csproj", "{07AD7B05-ABAF-485A-A490-CCADF4C3E2DE}"
EndProject
Project("{FAE04EC0-301F-11D3-BF4B-00C04F79EFBC}") = "LibrarySystemConsole", "LibrarySystemConsole\LibrarySystemConsole.csproj", "{15BD42B7-7D1F-418D-921F-F95D84B8FBA6}"
EndProject
Global
	GlobalSection(SolutionConfigurationPlatforms) = preSolution
		Debug|Any CPU = Debug|Any CPU
		Release|Any CPU = Release|Any CPU
	EndGlobalSection
	GlobalSection(ProjectConfigurationPlatforms) = postSolution
		{69D770C9-3BBC-42B7-B149-2AA5B58F5D89}.Debug|Any CPU.ActiveCfg = Debug|Any CPU
		{69D770C9-3BBC-42B7-B149-2AA5B58F5D89}.Debug|Any CPU.Build.0 = Debug|Any CPU
		{69D770C9-3BBC-42B7-B149-2AA5B58F5D89}.Release|Any CPU.ActiveCfg = Release|Any CPU
		{69D770C9-3BBC-42B7-B149-2AA5B58F5D89}.Release|Any CPU.Build.0 = Release|Any CPU
		{4063C8A9-627C-44AC-A93D-931EA1AB4612}.Debug|Any CPU.ActiveCfg = Debug|Any CPU
		{4063C8A9-627C-44AC-A93D-931EA1AB4612}.Debug|Any CPU.Build.0 = Debug|Any CPU
		{4063C8A9-627C-44AC-A93D-931EA1AB4612}.Release|Any CPU.ActiveCfg = Release|Any CPU
		{4063C8A9-627C-44AC-A93D-931EA1AB4612}.Release|Any CPU.Build.0 = Release|Any CPU
		{07AD7B05-ABAF-485A-A490-CCADF4C3E2DE}.Debug|Any CPU.ActiveCfg = Debug|Any CPU
		{07AD7B05-ABAF-485A-A490-CCADF4C3E2DE}.Debug|Any CPU.Build.0 = Debug|Any CPU
		{07AD7B05-ABAF-485A-A490-CCADF4C3E2DE}.Release|Any CPU.ActiveCfg = Release|Any CPU
		{07AD7B05-ABAF-485A-A490-CCADF4C3E2DE}.Release|Any CPU.Build.0 = Release|Any CPU
		{15BD42B7-7D1F-418D-921F-F95D84B8FBA6}.Debug|Any CPU.ActiveCfg = Debug|Any CPU
		{15BD42B7-7D1F-418D-921F-F95D84B8FBA6}.Debug|Any CPU.Build.0 = Debug|Any CPU
		{15BD42B7-7D1F-418D-921F-F95D84B8FBA6}.Release|Any CPU.ActiveCfg = Release|Any CPU
		{15BD42B7-7D1F-418D-921F-F95D84B8FBA6}.Release|Any CPU.Build.0 = Release|Any CPU
	EndGlobalSection
	GlobalSection(SolutionProperties) = preSolution
		HideSolutionNode = FALSE
	EndGlobalSection
	GlobalSection(ExtensibilityGlobals) = postSolution
		SolutionGuid = {A5F14920-F838-4E42-A7F7-62757DD5C38A}
	EndGlobalSection
EndGlobal
